HOSTNAME=RodrigoRT.local
PID=92355
PIPE=/private/var/folders/t7/g9bqj6jd61j82mrxfhh2dwgh0000gn/T/hcs-pipes/435b5db7-be69-4138-8f22-4d0623103d1d
LIBRARIES=/Users/rodrigorodriguesteixeira/Exemples_TRAVEO/mtb_shared/mtb-pdl-cat1/release-v3.16.0/props.json;/Users/rodrigorodriguesteixeira/.modustoolbox/global/device-db/release-v4.22.0/props.json;
USERNAME=rodrigorodriguesteixeira
